
Microsoft Visual Studio Solution File, Format Version 11.00
# Visual Studio 2010
Project("{8BC9CEB8-8B4A-11D0-8D11-00A0C91BC942}") = "ShowError", "ShowError\ShowError.vcxproj", "{EE51068E-5BE3-4E00-BE4D-29B22B7825F3}"
EndProject
Global
	GlobalSection(SolutionConfigurationPlatforms) = preSolution
		Debug|Win32 = Debug|Win32
		Release|Win32 = Release|Win32
	EndGlobalSection
	GlobalSection(ProjectConfigurationPlatforms) = postSolution
		{EE51068E-5BE3-4E00-BE4D-29B22B7825F3}.Debug|Win32.ActiveCfg = Debug|Win32
		{EE51068E-5BE3-4E00-BE4D-29B22B7825F3}.Debug|Win32.Build.0 = Debug|Win32
		{EE51068E-5BE3-4E00-BE4D-29B22B7825F3}.Release|Win32.ActiveCfg = Release|Win32
		{EE51068E-5BE3-4E00-BE4D-29B22B7825F3}.Release|Win32.Build.0 = Release|Win32
	EndGlobalSection
	GlobalSection(SolutionProperties) = preSolution
		HideSolutionNode = FALSE
	EndGlobalSection
EndGlobal
